
Microsoft Visual Studio Solution File, Format Version 12.00
# Visual Studio Version 17
VisualStudioVersion = 17.4.33213.308
MinimumVisualStudioVersion = 10.0.40219.1
Project("{FAE04EC0-301F-11D3-BF4B-00C04F79EFBC}") = "API", "API.csproj", "{04CADE9B-74EB-44C6-A82F-AC64BC2215B6}"
EndProject
Project("{FAE04EC0-301F-11D3-BF4B-00C04F79EFBC}") = "Infrastructure", "..\Infrastructure\Infrastructure.csproj", "{B3408539-EC7F-450B-B2F0-8E8E835D24A8}"
EndProject
Project("{FAE04EC0-301F-11D3-BF4B-00C04F79EFBC}") = "Core", "..\Core\Core.csproj", "{B5665DF0-F49F-4BF5-BC97-7ADE9327F112}"
EndProject
Global
	GlobalSection(SolutionConfigurationPlatforms) = preSolution
		Debug|Any CPU = Debug|Any CPU
		Release|Any CPU = Release|Any CPU
	EndGlobalSection
	GlobalSection(ProjectConfigurationPlatforms) = postSolution
		{04CADE9B-74EB-44C6-A82F-AC64BC2215B6}.Debug|Any CPU.ActiveCfg = Debug|Any CPU
		{04CADE9B-74EB-44C6-A82F-AC64BC2215B6}.Debug|Any CPU.Build.0 = Debug|Any CPU
		{04CADE9B-74EB-44C6-A82F-AC64BC2215B6}.Release|Any CPU.ActiveCfg = Release|Any CPU
		{04CADE9B-74EB-44C6-A82F-AC64BC2215B6}.Release|Any CPU.Build.0 = Release|Any CPU
		{B3408539-EC7F-450B-B2F0-8E8E835D24A8}.Debug|Any CPU.ActiveCfg = Debug|Any CPU
		{B3408539-EC7F-450B-B2F0-8E8E835D24A8}.Debug|Any CPU.Build.0 = Debug|Any CPU
		{B3408539-EC7F-450B-B2F0-8E8E835D24A8}.Release|Any CPU.ActiveCfg = Release|Any CPU
		{B3408539-EC7F-450B-B2F0-8E8E835D24A8}.Release|Any CPU.Build.0 = Release|Any CPU
		{B5665DF0-F49F-4BF5-BC97-7ADE9327F112}.Debug|Any CPU.ActiveCfg = Debug|Any CPU
		{B5665DF0-F49F-4BF5-BC97-7ADE9327F112}.Debug|Any CPU.Build.0 = Debug|Any CPU
		{B5665DF0-F49F-4BF5-BC97-7ADE9327F112}.Release|Any CPU.ActiveCfg = Release|Any CPU
		{B5665DF0-F49F-4BF5-BC97-7ADE9327F112}.Release|Any CPU.Build.0 = Release|Any CPU
	EndGlobalSection
	GlobalSection(SolutionProperties) = preSolution
		HideSolutionNode = FALSE
	EndGlobalSection
	GlobalSection(ExtensibilityGlobals) = postSolution
		SolutionGuid = {BDEAE92E-95F9-484A-9720-5FBBC44E0B7B}
	EndGlobalSection
EndGlobal
